
Microsoft Visual Studio Solution File, Format Version 12.00
# Visual Studio Version 16
VisualStudioVersion = 25.0.1706.1
MinimumVisualStudioVersion = 10.0.40219.1
Project("{FAE04EC0-301F-11D3-BF4B-00C04F79EFBC}") = "SampleApp.Client", "SampleApp\Client\SampleApp.Client.csproj", "{4C8AAEF5-8091-4E52-ACF1-4CAEF20994FA}"
EndProject
Project("{FAE04EC0-301F-11D3-BF4B-00C04F79EFBC}") = "Api", "SampleApp\Api\Api\Api.csproj", "{574617F4-2C34-4538-BD16-F4CAB7E158F9}"
EndProject
Project("{FAE04EC0-301F-11D3-BF4B-00C04F79EFBC}") = "Common", "Common\Common.csproj", "{0144A74A-3A80-4A10-9A1B-4150BC3240A7}"
EndProject
Global
	GlobalSection(SolutionConfigurationPlatforms) = preSolution
		Debug|Any CPU = Debug|Any CPU
		Release|Any CPU = Release|Any CPU
	EndGlobalSection
	GlobalSection(ProjectConfigurationPlatforms) = postSolution
		{4C8AAEF5-8091-4E52-ACF1-4CAEF20994FA}.Debug|Any CPU.ActiveCfg = Debug|Any CPU
		{4C8AAEF5-8091-4E52-ACF1-4CAEF20994FA}.Debug|Any CPU.Build.0 = Debug|Any CPU
		{4C8AAEF5-8091-4E52-ACF1-4CAEF20994FA}.Release|Any CPU.ActiveCfg = Release|Any CPU
		{4C8AAEF5-8091-4E52-ACF1-4CAEF20994FA}.Release|Any CPU.Build.0 = Release|Any CPU
		{574617F4-2C34-4538-BD16-F4CAB7E158F9}.Debug|Any CPU.ActiveCfg = Debug|Any CPU
		{574617F4-2C34-4538-BD16-F4CAB7E158F9}.Debug|Any CPU.Build.0 = Debug|Any CPU
		{574617F4-2C34-4538-BD16-F4CAB7E158F9}.Release|Any CPU.ActiveCfg = Release|Any CPU
		{574617F4-2C34-4538-BD16-F4CAB7E158F9}.Release|Any CPU.Build.0 = Release|Any CPU
		{0144A74A-3A80-4A10-9A1B-4150BC3240A7}.Debug|Any CPU.ActiveCfg = Debug|Any CPU
		{0144A74A-3A80-4A10-9A1B-4150BC3240A7}.Debug|Any CPU.Build.0 = Debug|Any CPU
		{0144A74A-3A80-4A10-9A1B-4150BC3240A7}.Release|Any CPU.ActiveCfg = Release|Any CPU
		{0144A74A-3A80-4A10-9A1B-4150BC3240A7}.Release|Any CPU.Build.0 = Release|Any CPU
	EndGlobalSection
	GlobalSection(SolutionProperties) = preSolution
		HideSolutionNode = FALSE
	EndGlobalSection
	GlobalSection(ExtensibilityGlobals) = postSolution
		SolutionGuid = {61533316-198F-4CB0-921F-8231BB687668}
	EndGlobalSection
EndGlobal
